
Microsoft Visual Studio Solution File, Format Version 12.00
# Visual Studio 15
VisualStudioVersion = 15.0.28010.2026
MinimumVisualStudioVersion = 10.0.40219.1
Project("{FAE04EC0-301F-11D3-BF4B-00C04F79EFBC}") = "ToDoListApplication", "ToDoListApplication\ToDoListApplication.csproj", "{A0D84EF6-D661-4E06-8A71-1B81DDC888F4}"
EndProject
Global
	GlobalSection(SolutionConfigurationPlatforms) = preSolution
		Debug|Any CPU = Debug|Any CPU
		Release|Any CPU = Release|Any CPU
	EndGlobalSection
	GlobalSection(ProjectConfigurationPlatforms) = postSolution
		{A0D84EF6-D661-4E06-8A71-1B81DDC888F4}.Debug|Any CPU.ActiveCfg = Debug|Any CPU
		{A0D84EF6-D661-4E06-8A71-1B81DDC888F4}.Debug|Any CPU.Build.0 = Debug|Any CPU
		{A0D84EF6-D661-4E06-8A71-1B81DDC888F4}.Release|Any CPU.ActiveCfg = Release|Any CPU
		{A0D84EF6-D661-4E06-8A71-1B81DDC888F4}.Release|Any CPU.Build.0 = Release|Any CPU
	EndGlobalSection
	GlobalSection(SolutionProperties) = preSolution
		HideSolutionNode = FALSE
	EndGlobalSection
	GlobalSection(ExtensibilityGlobals) = postSolution
		SolutionGuid = {45B75E4B-AAFE-4287-BFD0-73A8AD4F9846}
	EndGlobalSection
EndGlobal
